
Microsoft Visual Studio Solution File, Format Version 12.00
# Visual Studio Version 17
VisualStudioVersion = 17.13.35828.75 d17.13
MinimumVisualStudioVersion = 10.0.40219.1
Project("{FAE04EC0-301F-11D3-BF4B-00C04F79EFBC}") = "API", "API\API.csproj", "{D3EBEC7D-CC2E-413C-8E60-9FB363DEE12A}"
EndProject
Global
	GlobalSection(SolutionConfigurationPlatforms) = preSolution
		Debug|Any CPU = Debug|Any CPU
		Release|Any CPU = Release|Any CPU
	EndGlobalSection
	GlobalSection(ProjectConfigurationPlatforms) = postSolution
		{D3EBEC7D-CC2E-413C-8E60-9FB363DEE12A}.Debug|Any CPU.ActiveCfg = Debug|Any CPU
		{D3EBEC7D-CC2E-413C-8E60-9FB363DEE12A}.Debug|Any CPU.Build.0 = Debug|Any CPU
		{D3EBEC7D-CC2E-413C-8E60-9FB363DEE12A}.Release|Any CPU.ActiveCfg = Release|Any CPU
		{D3EBEC7D-CC2E-413C-8E60-9FB363DEE12A}.Release|Any CPU.Build.0 = Release|Any CPU
	EndGlobalSection
	GlobalSection(SolutionProperties) = preSolution
		HideSolutionNode = FALSE
	EndGlobalSection
	GlobalSection(ExtensibilityGlobals) = postSolution
		SolutionGuid = {46617DCE-9AFF-4890-9943-EAF43FB3DA08}
	EndGlobalSection
EndGlobal
